
Microsoft Visual Studio Solution File, Format Version 12.00
# Visual Studio 15
VisualStudioVersion = 15.0.27703.2000
MinimumVisualStudioVersion = 10.0.40219.1
Project("{9A19103F-16F7-4668-BE54-9A1E7A4F7556}") = "Tools", "Tools\Tools.csproj", "{9FE55971-5518-48C9-9922-E5C37671FD0C}"
EndProject
Project("{FAE04EC0-301F-11D3-BF4B-00C04F79EFBC}") = "Common", "Common\Common.csproj", "{894D6E9B-6B88-47AB-B167-F9CE7BC04140}"
EndProject
Project("{FAE04EC0-301F-11D3-BF4B-00C04F79EFBC}") = "Models", "Models\Models.csproj", "{B223CFBB-9078-4C04-BCA9-7D1389B29914}"
EndProject
Project("{FAE04EC0-301F-11D3-BF4B-00C04F79EFBC}") = "Crawler", "Crawler\Crawler.csproj", "{63B8471E-B13F-4431-B207-D0ABCB37107B}"
EndProject
Global
	GlobalSection(SolutionConfigurationPlatforms) = preSolution
		Debug|Any CPU = Debug|Any CPU
		Release|Any CPU = Release|Any CPU
	EndGlobalSection
	GlobalSection(ProjectConfigurationPlatforms) = postSolution
		{9FE55971-5518-48C9-9922-E5C37671FD0C}.Debug|Any CPU.ActiveCfg = Debug|Any CPU
		{9FE55971-5518-48C9-9922-E5C37671FD0C}.Debug|Any CPU.Build.0 = Debug|Any CPU
		{9FE55971-5518-48C9-9922-E5C37671FD0C}.Release|Any CPU.ActiveCfg = Release|Any CPU
		{9FE55971-5518-48C9-9922-E5C37671FD0C}.Release|Any CPU.Build.0 = Release|Any CPU
		{894D6E9B-6B88-47AB-B167-F9CE7BC04140}.Debug|Any CPU.ActiveCfg = Debug|Any CPU
		{894D6E9B-6B88-47AB-B167-F9CE7BC04140}.Debug|Any CPU.Build.0 = Debug|Any CPU
		{894D6E9B-6B88-47AB-B167-F9CE7BC04140}.Release|Any CPU.ActiveCfg = Release|Any CPU
		{894D6E9B-6B88-47AB-B167-F9CE7BC04140}.Release|Any CPU.Build.0 = Release|Any CPU
		{B223CFBB-9078-4C04-BCA9-7D1389B29914}.Debug|Any CPU.ActiveCfg = Debug|Any CPU
		{B223CFBB-9078-4C04-BCA9-7D1389B29914}.Debug|Any CPU.Build.0 = Debug|Any CPU
		{B223CFBB-9078-4C04-BCA9-7D1389B29914}.Release|Any CPU.ActiveCfg = Release|Any CPU
		{B223CFBB-9078-4C04-BCA9-7D1389B29914}.Release|Any CPU.Build.0 = Release|Any CPU
		{63B8471E-B13F-4431-B207-D0ABCB37107B}.Debug|Any CPU.ActiveCfg = Debug|Any CPU
		{63B8471E-B13F-4431-B207-D0ABCB37107B}.Debug|Any CPU.Build.0 = Debug|Any CPU
		{63B8471E-B13F-4431-B207-D0ABCB37107B}.Release|Any CPU.ActiveCfg = Release|Any CPU
		{63B8471E-B13F-4431-B207-D0ABCB37107B}.Release|Any CPU.Build.0 = Release|Any CPU
	EndGlobalSection
	GlobalSection(SolutionProperties) = preSolution
		HideSolutionNode = FALSE
	EndGlobalSection
	GlobalSection(ExtensibilityGlobals) = postSolution
		SolutionGuid = {B7E64CF7-9439-4DEA-9855-55CD80C233E8}
	EndGlobalSection
EndGlobal
